
Microsoft Visual Studio Solution File, Format Version 12.00
# Visual Studio Version 17
VisualStudioVersion = 17.5.33530.505
MinimumVisualStudioVersion = 10.0.40219.1
Project("{9A19103F-16F7-4668-BE54-9A1E7A4F7556}") = "Town of Fairfax", "Town of Fairfax.csproj", "{38042104-0975-4294-9728-D462B8398A11}"
EndProject
Global
	GlobalSection(SolutionConfigurationPlatforms) = preSolution
		Debug|Any CPU = Debug|Any CPU
		Release|Any CPU = Release|Any CPU
	EndGlobalSection
	GlobalSection(ProjectConfigurationPlatforms) = postSolution
		{38042104-0975-4294-9728-D462B8398A11}.Debug|Any CPU.ActiveCfg = Debug|Any CPU
		{38042104-0975-4294-9728-D462B8398A11}.Debug|Any CPU.Build.0 = Debug|Any CPU
		{38042104-0975-4294-9728-D462B8398A11}.Release|Any CPU.ActiveCfg = Release|Any CPU
		{38042104-0975-4294-9728-D462B8398A11}.Release|Any CPU.Build.0 = Release|Any CPU
	EndGlobalSection
	GlobalSection(SolutionProperties) = preSolution
		HideSolutionNode = FALSE
	EndGlobalSection
	GlobalSection(ExtensibilityGlobals) = postSolution
		SolutionGuid = {D167DE33-0422-43A9-A66C-00C2C7FF33DC}
	EndGlobalSection
EndGlobal
